// !$*UTF8*$!
{
	archiveVersion = 1;
	classes = {
	};
	objectVersion = 50;
	objects = {

/* Begin PBXBuildFile section */
		6DA9B60325E51658009C63A7 /* BlurView.swift in Sources */ = {isa = PBXBuildFile; fileRef = 6DA9B60225E51658009C63A7 /* BlurView.swift */; };
		6DF3390F25E53ACB0036E8B9 /* ContentViewModel.swift in Sources */ = {isa = PBXBuildFile; fileRef = 6DF3390E25E53ACB0036E8B9 /* ContentViewModel.swift */; };
		6DF3391225E617DB0036E8B9 /* Persistence.swift in Sources */ = {isa = PBXBuildFile; fileRef = 6DF3391125E617DB0036E8B9 /* Persistence.swift */; };
		6DF3391525E628040036E8B9 /* AlertView.swift in Sources */ = {isa = PBXBuildFile; fileRef = 6DF3391425E628040036E8B9 /* AlertView.swift */; };
		6DFEFC6B25E50046002DDF53 /* MapApp.swift in Sources */ = {isa = PBXBuildFile; fileRef = 6DFEFC6A25E50046002DDF53 /* MapApp.swift */; };
		6DFEFC6D25E50046002DDF53 /* ContentView.swift in Sources */ = {isa = PBXBuildFile; fileRef = 6DFEFC6C25E50046002DDF53 /* ContentView.swift */; };
		6DFEFC6F25E50049002DDF53 /* Assets.xcassets in Resources */ = {isa = PBXBuildFile; fileRef = 6DFEFC6E25E50049002DDF53 /* Assets.xcassets */; };
		6DFEFC7225E50049002DDF53 /* Preview Assets.xcassets in Resources */ = {isa = PBXBuildFile; fileRef = 6DFEFC7125E50049002DDF53 /* Preview Assets.xcassets */; };
		6DFEFC7F25E500C3002DDF53 /* MapCoreData.xcdatamodeld in Sources */ = {isa = PBXBuildFile; fileRef = 6DFEFC7D25E500C3002DDF53 /* MapCoreData.xcdatamodeld */; };
		6DFEFC8325E5020B002DDF53 /* MapView.swift in Sources */ = {isa = PBXBuildFile; fileRef = 6DFEFC8225E5020B002DDF53 /* MapView.swift */; };
/* End PBXBuildFile section */

/* Begin PBXFileReference section */
		6DA9B60225E51658009C63A7 /* BlurView.swift */ = {isa = PBXFileReference; lastKnownFileType = sourcecode.swift; path = BlurView.swift; sourceTree = "<group>"; };
		6DF3390E25E53ACB0036E8B9 /* ContentViewModel.swift */ = {isa = PBXFileReference; lastKnownFileType = sourcecode.swift; path = ContentViewModel.swift; sourceTree = "<group>"; };
		6DF3391125E617DB0036E8B9 /* Persistence.swift */ = {isa = PBXFileReference; lastKnownFileType = sourcecode.swift; path = Persistence.swift; sourceTree = "<group>"; };
		6DF3391425E628040036E8B9 /* AlertView.swift */ = {isa = PBXFileReference; lastKnownFileType = sourcecode.swift; path = AlertView.swift; sourceTree = "<group>"; };
		6DFEFC6725E50046002DDF53 /* Map.app */ = {isa = PBXFileReference; explicitFileType = wrapper.application; includeInIndex = 0; path = Map.app; sourceTree = BUILT_PRODUCTS_DIR; };
		6DFEFC6A25E50046002DDF53 /* MapApp.swift */ = {isa = PBXFileReference; lastKnownFileType = sourcecode.swift; path = MapApp.swift; sourceTree = "<group>"; };
		6DFEFC6C25E50046002DDF53 /* ContentView.swift */ = {isa = PBXFileReference; lastKnownFileType = sourcecode.swift; path = ContentView.swift; sourceTree = "<group>"; };
		6DFEFC6E25E50049002DDF53 /* Assets.xcassets */ = {isa = PBXFileReference; lastKnownFileType = folder.assetcatalog; path = Assets.xcassets; sourceTree = "<group>"; };
		6DFEFC7125E50049002DDF53 /* Preview Assets.xcassets */ = {isa = PBXFileReference; lastKnownFileType = folder.assetcatalog; path = "Preview Assets.xcassets"; sourceTree = "<group>"; };
		6DFEFC7325E50049002DDF53 /* Info.plist */ = {isa = PBXFileReference; lastKnownFileType = text.plist.xml; path = Info.plist; sourceTree = "<group>"; };
		6DFEFC7E25E500C3002DDF53 /* MapCoreData.xcdatamodel */ = {isa = PBXFileReference; lastKnownFileType = wrapper.xcdatamodel; path = MapCoreData.xcdatamodel; sourceTree = "<group>"; };
		6DFEFC8225E5020B002DDF53 /* MapView.swift */ = {isa = PBXFileReference; lastKnownFileType = sourcecode.swift; path = MapView.swift; sourceTree = "<group>"; };
/* End PBXFileReference section */

/* Begin PBXFrameworksBuildPhase section */
		6DFEFC6425E50046002DDF53 /* Frameworks */ = {
			isa = PBXFrameworksBuildPhase;
			buildActionMask = 2147483647;
			files = (
			);
			runOnlyForDeploymentPostprocessing = 0;
		};
/* End PBXFrameworksBuildPhase section */

/* Begin PBXGroup section */
		6DFEFC5E25E50046002DDF53 = {
			isa = PBXGroup;
			children = (
				6DFEFC6925E50046002DDF53 /* Map */,
				6DFEFC6825E50046002DDF53 /* Products */,
			);
			sourceTree = "<group>";
		};
		6DFEFC6825E50046002DDF53 /* Products */ = {
			isa = PBXGroup;
			children = (
				6DFEFC6725E50046002DDF53 /* Map.app */,
			);
			name = Products;
			sourceTree = "<group>";
		};
		6DFEFC6925E50046002DDF53 /* Map */ = {
			isa = PBXGroup;
			children = (
				6DFEFC7C25E50063002DDF53 /* Models */,
				6DFEFC7B25E5005D002DDF53 /* ViewModels */,
				6DFEFC7A25E50056002DDF53 /* Views */,
				6DFEFC6A25E50046002DDF53 /* MapApp.swift */,
				6DFEFC6E25E50049002DDF53 /* Assets.xcassets */,
				6DFEFC7325E50049002DDF53 /* Info.plist */,
				6DFEFC7025E50049002DDF53 /* Preview Content */,
				6DFEFC7D25E500C3002DDF53 /* MapCoreData.xcdatamodeld */,
			);
			path = Map;
			sourceTree = "<group>";
		};
		6DFEFC7025E50049002DDF53 /* Preview Content */ = {
			isa = PBXGroup;
			children = (
				6DFEFC7125E50049002DDF53 /* Preview Assets.xcassets */,
			);
			path = "Preview Content";
			sourceTree = "<group>";
		};
		6DFEFC7A25E50056002DDF53 /* Views */ = {
			isa = PBXGroup;
			children = (
				6DFEFC6C25E50046002DDF53 /* ContentView.swift */,
				6DFEFC8225E5020B002DDF53 /* MapView.swift */,
				6DA9B60225E51658009C63A7 /* BlurView.swift */,
				6DF3391425E628040036E8B9 /* AlertView.swift */,
			);
			path = Views;
			sourceTree = "<group>";
		};
		6DFEFC7B25E5005D002DDF53 /* ViewModels */ = {
			isa = PBXGroup;
			children = (
				6DF3390E25E53ACB0036E8B9 /* ContentViewModel.swift */,
			);
			path = ViewModels;
			sourceTree = "<group>";
		};
		6DFEFC7C25E50063002DDF53 /* Models */ = {
			isa = PBXGroup;
			children = (
				6DF3391125E617DB0036E8B9 /* Persistence.swift */,
			);
			path = Models;
			sourceTree = "<group>";
		};
/* End PBXGroup section */

/* Begin PBXNativeTarget section */
		6DFEFC6625E50046002DDF53 /* Map */ = {
			isa = PBXNativeTarget;
			buildConfigurationList = 6DFEFC7625E50049002DDF53 /* Build configuration list for PBXNativeTarget "Map" */;
			buildPhases = (
				6DFEFC6325E50046002DDF53 /* Sources */,
				6DFEFC6425E50046002DDF53 /* Frameworks */,
				6DFEFC6525E50046002DDF53 /* Resources */,
			);
			buildRules = (
			);
			dependencies = (
			);
			name = Map;
			productName = Map;
			productReference = 6DFEFC6725E50046002DDF53 /* Map.app */;
			productType = "com.apple.product-type.application";
		};
/* End PBXNativeTarget section */

/* Begin PBXProject section */
		6DFEFC5F25E50046002DDF53 /* Project object */ = {
			isa = PBXProject;
			attributes = {
				LastSwiftUpdateCheck = 1220;
				LastUpgradeCheck = 1220;
				TargetAttributes = {
					6DFEFC6625E50046002DDF53 = {
						CreatedOnToolsVersion = 12.2;
					};
				};
			};
			buildConfigurationList = 6DFEFC6225E50046002DDF53 /* Build configuration list for PBXProject "Map" */;
			compatibilityVersion = "Xcode 9.3";
			developmentRegion = en;
			hasScannedForEncodings = 0;
			knownRegions = (
				en,
				Base,
			);
			mainGroup = 6DFEFC5E25E50046002DDF53;
			productRefGroup = 6DFEFC6825E50046002DDF53 /* Products */;
			projectDirPath = "";
			projectRoot = "";
			targets = (
				6DFEFC6625E50046002DDF53 /* Map */,
			);
		};
/* End PBXProject section */

/* Begin PBXResourcesBuildPhase section */
		6DFEFC6525E50046002DDF53 /* Resources */ = {
			isa = PBXResourcesBuildPhase;
			buildActionMask = 2147483647;
			files = (
				6DFEFC7225E50049002DDF53 /* Preview Assets.xcassets in Resources */,
				6DFEFC6F25E50049002DDF53 /* Assets.xcassets in Resources */,
			);
			runOnlyForDeploymentPostprocessing = 0;
		};
/* End PBXResourcesBuildPhase section */

/* Begin PBXSourcesBuildPhase section */
		6DFEFC6325E50046002DDF53 /* Sources */ = {
			isa = PBXSourcesBuildPhase;
			buildActionMask = 2147483647;
			files = (
				6DFEFC6D25E50046002DDF53 /* ContentView.swift in Sources */,
				6DFEFC8325E5020B002DDF53 /* MapView.swift in Sources */,
				6DF3390F25E53ACB0036E8B9 /* ContentViewModel.swift in Sources */,
				6DF3391225E617DB0036E8B9 /* Persistence.swift in Sources */,
				6DFEFC7F25E500C3002DDF53 /* MapCoreData.xcdatamodeld in Sources */,
				6DF3391525E628040036E8B9 /* AlertView.swift in Sources */,
				6DFEFC6B25E50046002DDF53 /* MapApp.swift in Sources */,
				6DA9B60325E51658009C63A7 /* BlurView.swift in Sources */,
			);
			runOnlyForDeploymentPostprocessing = 0;
		};
/* End PBXSourcesBuildPhase section */

/* Begin XCBuildConfiguration section */
		6DFEFC7425E50049002DDF53 /* Debug */ = {
			isa = XCBuildConfiguration;
			buildSettings = {
				ALWAYS_SEARCH_USER_PATHS = NO;
				CLANG_ANALYZER_NONNULL = YES;
				CLANG_ANALYZER_NUMBER_OBJECT_CONVERSION = YES_AGGRESSIVE;
				CLANG_CXX_LANGUAGE_STANDARD = "gnu++14";
				CLANG_CXX_LIBRARY = "libc++";
				CLANG_ENABLE_MODULES = YES;
				CLANG_ENABLE_OBJC_ARC = YES;
				CLANG_ENABLE_OBJC_WEAK = YES;
				CLANG_WARN_BLOCK_CAPTURE_AUTORELEASING = YES;
				CLANG_WARN_BOOL_CONVERSION = YES;
				CLANG_WARN_COMMA = YES;
				CLANG_WARN_CONSTANT_CONVERSION = YES;
				CLANG_WARN_DEPRECATED_OBJC_IMPLEMENTATIONS = YES;
				CLANG_WARN_DIRECT_OBJC_ISA_USAGE = YES_ERROR;
				CLANG_WARN_DOCUMENTATION_COMMENTS = YES;
				CLANG_WARN_EMPTY_BODY = YES;
				CLANG_WARN_ENUM_CONVERSION = YES;
				CLANG_WARN_INFINITE_RECURSION = YES;
				CLANG_WARN_INT_CONVERSION = YES;
				CLANG_WARN_NON_LITERAL_NULL_CONVERSION = YES;
				CLANG_WARN_OBJC_IMPLICIT_RETAIN_SELF = YES;
				CLANG_WARN_OBJC_LITERAL_CONVERSION = YES;
				CLANG_WARN_OBJC_ROOT_CLASS = YES_ERROR;
				CLANG_WARN_QUOTED_INCLUDE_IN_FRAMEWORK_HEADER = YES;
				CLANG_WARN_RANGE_LOOP_ANALYSIS = YES;
				CLANG_WARN_STRICT_PROTOTYPES = YES;
				CLANG_WARN_SUSPICIOUS_MOVE = YES;
				CLANG_WARN_UNGUARDED_AVAILABILITY = YES_AGGRESSIVE;
				CLANG_WARN_UNREACHABLE_CODE = YES;
				CLANG_WARN__DUPLICATE_METHOD_MATCH = YES;
				COPY_PHASE_STRIP = NO;
				DEBUG_INFORMATION_FORMAT = dwarf;
				ENABLE_STRICT_OBJC_MSGSEND = YES;
				ENABLE_TESTABILITY = YES;
				GCC_C_LANGUAGE_STANDARD = gnu11;
				GCC_DYNAMIC_NO_PIC = NO;
				GCC_NO_COMMON_BLOCKS = YES;
				GCC_OPTIMIZATION_LEVEL = 0;
				GCC_PREPROCESSOR_DEFINITIONS = (
					"DEBUG=1",
					"$(inherited)",
				);
				GCC_WARN_64_TO_32_BIT_CONVERSION = YES;
				GCC_WARN_ABOUT_RETURN_TYPE = YES_ERROR;
				GCC_WARN_UNDECLARED_SELECTOR = YES;
				GCC_WARN_UNINITIALIZED_AUTOS = YES_AGGRESSIVE;
				GCC_WARN_UNUSED_FUNCTION = YES;
				GCC_WARN_UNUSED_VARIABLE = YES;
				IPHONEOS_DEPLOYMENT_TARGET = 14.2;
				MTL_ENABLE_DEBUG_INFO = INCLUDE_SOURCE;
				MTL_FAST_MATH = YES;
				ONLY_ACTIVE_ARCH = YES;
				SDKROOT = iphoneos;
				SWIFT_ACTIVE_COMPILATION_CONDITIONS = DEBUG;
				SWIFT_OPTIMIZATION_LEVEL = "-Onone";
			};
			name = Debug;
		};
		6DFEFC7525E50049002DDF53 /* Release */ = {
			isa = XCBuildConfiguration;
			buildSettings = {
				ALWAYS_SEARCH_USER_PATHS = NO;
				CLANG_ANALYZER_NONNULL = YES;
				CLANG_ANALYZER_NUMBER_OBJECT_CONVERSION = YES_AGGRESSIVE;
				CLANG_CXX_LANGUAGE_STANDARD = "gnu++14";
				CLANG_CXX_LIBRARY = "libc++";
				CLANG_ENABLE_MODULES = YES;
				CLANG_ENABLE_OBJC_ARC = YES;
				CLANG_ENABLE_OBJC_WEAK = YES;
				CLANG_WARN_BLOCK_CAPTURE_AUTORELEASING = YES;
				CLANG_WARN_BOOL_CONVERSION = YES;
				CLANG_WARN_COMMA = YES;
				CLANG_WARN_CONSTANT_CONVERSION = YES;
				CLANG_WARN_DEPRECATED_OBJC_IMPLEMENTATIONS = YES;
				CLANG_WARN_DIRECT_OBJC_ISA_USAGE = YES_ERROR;
				CLANG_WARN_DOCUMENTATION_COMMENTS = YES;
				CLANG_WARN_EMPTY_BODY = YES;
				CLANG_WARN_ENUM_CONVERSION = YES;
				CLANG_WARN_INFINITE_RECURSION = YES;
				CLANG_WARN_INT_CONVERSION = YES;
				CLANG_WARN_NON_LITERAL_NULL_CONVERSION = YES;
				CLANG_WARN_OBJC_IMPLICIT_RETAIN_SELF = YES;
				CLANG_WARN_OBJC_LITERAL_CONVERSION = YES;
				CLANG_WARN_OBJC_ROOT_CLASS = YES_ERROR;
				CLANG_WARN_QUOTED_INCLUDE_IN_FRAMEWORK_HEADER = YES;
				CLANG_WARN_RANGE_LOOP_ANALYSIS = YES;
				CLANG_WARN_STRICT_PROTOTYPES = YES;
				CLANG_WARN_SUSPICIOUS_MOVE = YES;
				CLANG_WARN_UNGUARDED_AVAILABILITY = YES_AGGRESSIVE;
				CLANG_WARN_UNREACHABLE_CODE = YES;
				CLANG_WARN__DUPLICATE_METHOD_MATCH = YES;
				COPY_PHASE_STRIP = NO;
				DEBUG_INFORMATION_FORMAT = "dwarf-with-dsym";
				ENABLE_NS_ASSERTIONS = NO;
				ENABLE_STRICT_OBJC_MSGSEND = YES;
				GCC_C_LANGUAGE_STANDARD = gnu11;
				GCC_NO_COMMON_BLOCKS = YES;
				GCC_WARN_64_TO_32_BIT_CONVERSION = YES;
				GCC_WARN_ABOUT_RETURN_TYPE = YES_ERROR;
				GCC_WARN_UNDECLARED_SELECTOR = YES;
				GCC_WARN_UNINITIALIZED_AUTOS = YES_AGGRESSIVE;
				GCC_WARN_UNUSED_FUNCTION = YES;
				GCC_WARN_UNUSED_VARIABLE = YES;
				IPHONEOS_DEPLOYMENT_TARGET = 14.2;
				MTL_ENABLE_DEBUG_INFO = NO;
				MTL_FAST_MATH = YES;
				SDKROOT = iphoneos;
				SWIFT_COMPILATION_MODE = wholemodule;
				SWIFT_OPTIMIZATION_LEVEL = "-O";
				VALIDATE_PRODUCT = YES;
			};
			name = Release;
		};
		6DFEFC7725E50049002DDF53 /* Debug */ = {
			isa = XCBuildConfiguration;
			buildSettings = {
				ASSETCATALOG_COMPILER_APPICON_NAME = AppIcon;
				ASSETCATALOG_COMPILER_GLOBAL_ACCENT_COLOR_NAME = AccentColor;
				CODE_SIGN_STYLE = Automatic;
				DEVELOPMENT_ASSET_PATHS = "\"Map/Preview Content\"";
				ENABLE_PREVIEWS = YES;
				INFOPLIST_FILE = Map/Info.plist;
				IPHONEOS_DEPLOYMENT_TARGET = 14.0;
				LD_RUNPATH_SEARCH_PATHS = (
					"$(inherited)",
					"@executable_path/Frameworks",
				);
				PRODUCT_BUNDLE_IDENTIFIER = "-11.Map";
				PRODUCT_NAME = "$(TARGET_NAME)";
				SWIFT_VERSION = 5.0;
				TARGETED_DEVICE_FAMILY = "1,2";
			};
			name = Debug;
		};
		6DFEFC7825E50049002DDF53 /* Release */ = {
			isa = XCBuildConfiguration;
			buildSettings = {
				ASSETCATALOG_COMPILER_APPICON_NAME = AppIcon;
				ASSETCATALOG_COMPILER_GLOBAL_ACCENT_COLOR_NAME = AccentColor;
				CODE_SIGN_STYLE = Automatic;
				DEVELOPMENT_ASSET_PATHS = "\"Map/Preview Content\"";
				ENABLE_PREVIEWS = YES;
				INFOPLIST_FILE = Map/Info.plist;
				IPHONEOS_DEPLOYMENT_TARGET = 14.0;
				LD_RUNPATH_SEARCH_PATHS = (
					"$(inherited)",
					"@executable_path/Frameworks",
				);
				PRODUCT_BUNDLE_IDENTIFIER = "-11.Map";
				PRODUCT_NAME = "$(TARGET_NAME)";
				SWIFT_VERSION = 5.0;
				TARGETED_DEVICE_FAMILY = "1,2";
			};
			name = Release;
		};
/* End XCBuildConfiguration section */

/* Begin XCConfigurationList section */
		6DFEFC6225E50046002DDF53 /* Build configuration list for PBXProject "Map" */ = {
			isa = XCConfigurationList;
			buildConfigurations = (
				6DFEFC7425E50049002DDF53 /* Debug */,
				6DFEFC7525E50049002DDF53 /* Release */,
			);
			defaultConfigurationIsVisible = 0;
			defaultConfigurationName = Release;
		};
		6DFEFC7625E50049002DDF53 /* Build configuration list for PBXNativeTarget "Map" */ = {
			isa = XCConfigurationList;
			buildConfigurations = (
				6DFEFC7725E50049002DDF53 /* Debug */,
				6DFEFC7825E50049002DDF53 /* Release */,
			);
			defaultConfigurationIsVisible = 0;
			defaultConfigurationName = Release;
		};
/* End XCConfigurationList section */

/* Begin XCVersionGroup section */
		6DFEFC7D25E500C3002DDF53 /* MapCoreData.xcdatamodeld */ = {
			isa = XCVersionGroup;
			children = (
				6DFEFC7E25E500C3002DDF53 /* MapCoreData.xcdatamodel */,
			);
			currentVersion = 6DFEFC7E25E500C3002DDF53 /* MapCoreData.xcdatamodel */;
			path = MapCoreData.xcdatamodeld;
			sourceTree = "<group>";
			versionGroupType = wrapper.xcdatamodel;
		};
/* End XCVersionGroup section */
	};
	rootObject = 6DFEFC5F25E50046002DDF53 /* Project object */;
}
